{
  "nodes": {
    "dbus-next": {
      "inputs": {
        "flake-utils": [
          "flake-utils"
        ],
        "nixos": [
          "nixos"
        ]
      },
      "locked": {
        "dir": "dbus-next",
        "lastModified": 1695028399,
        "narHash": "sha256-B6h4PoUGJ4vg4qCg4SED3bm0ejIj09/mG37QYfMpqS4=",
        "owner": "rydnr",
        "repo": "nix-flakes",
        "rev": "922ba31fb6399ce0629c225e773fc8e4aec778d4",
        "type": "github"
      },
      "original": {
        "dir": "dbus-next",
        "owner": "rydnr",
        "ref": "dbus-next-0.2.3",
        "repo": "nix-flakes",
        "type": "github"
      }
    },
    "flake-utils": {
      "locked": {
        "lastModified": 1652776076,
        "narHash": "sha256-gzTw/v1vj4dOVbpBSJX4J0DwUR6LIyXo7/SuuTJp1kM=",
        "owner": "numtide",
        "repo": "flake-utils",
        "rev": "04c1b180862888302ddfb2e3ad9eaa63afc60cf8",
        "type": "github"
      },
      "original": {
        "owner": "numtide",
        "ref": "v1.0.0",
        "repo": "flake-utils",
        "type": "github"
      }
    },
    "grpcio": {
      "inputs": {
        "flake-utils": [
          "flake-utils"
        ],
        "nixos": [
          "nixos"
        ]
      },
      "locked": {
        "dir": "grpcio",
        "lastModified": 1695028558,
        "narHash": "sha256-WfIZml883iry6LciAfSG6rWi8GvSXY/kPXf0Q1RtQ6w=",
        "owner": "rydnr",
        "repo": "nix-flakes",
        "rev": "a7ed1a2f4f383525e00e855a656b6952a0d39ea0",
        "type": "github"
      },
      "original": {
        "dir": "grpcio",
        "owner": "rydnr",
        "ref": "grpcio-1.54.2",
        "repo": "nix-flakes",
        "type": "github"
      }
    },
    "nixos": {
      "locked": {
        "lastModified": 1694937365,
        "narHash": "sha256-iHZSGrb9gVpZRR4B2ishUN/1LRKWtSHZNO37C8z1SmA=",
        "owner": "NixOS",
        "repo": "nixpkgs",
        "rev": "5d017a8822e0907fb96f7700a319f9fe2434de02",
        "type": "github"
      },
      "original": {
        "owner": "NixOS",
        "ref": "nixos-23.05",
        "repo": "nixpkgs",
        "type": "github"
      }
    },
    "pythoneda-shared-artifact-changes-events": {
      "inputs": {
        "flake-utils": [
          "pythoneda-shared-artifact-changes-events-infrastructure",
          "flake-utils"
        ],
        "nixos": [
          "pythoneda-shared-artifact-changes-events-infrastructure",
          "nixos"
        ],
        "pythoneda-shared-artifact-changes-shared": [
          "pythoneda-shared-artifact-changes-events-infrastructure",
          "pythoneda-shared-artifact-changes-shared"
        ],
        "pythoneda-shared-code-requests-events": [
          "pythoneda-shared-artifact-changes-events-infrastructure",
          "pythoneda-shared-code-requests-events"
        ],
        "pythoneda-shared-code-requests-shared": [
          "pythoneda-shared-artifact-changes-events-infrastructure",
          "pythoneda-shared-code-requests-shared"
        ],
        "pythoneda-shared-pythoneda-banner": [
          "pythoneda-shared-artifact-changes-events-infrastructure",
          "pythoneda-shared-pythoneda-banner"
        ],
        "pythoneda-shared-pythoneda-domain": [
          "pythoneda-shared-artifact-changes-events-infrastructure",
          "pythoneda-shared-pythoneda-domain"
        ]
      },
      "locked": {
        "dir": "events",
        "lastModified": 1695395000,
        "narHash": "sha256-u+WC3qzIhNoqwhjFiw4Bye7KDOtnbwJchUz6oeN2vQc=",
        "owner": "pythoneda-shared-artifact-changes",
        "repo": "events-artifact",
        "rev": "2f23e2a7c480bb5e781c677722905096956131f5",
        "type": "github"
      },
      "original": {
        "dir": "events",
        "owner": "pythoneda-shared-artifact-changes",
        "ref": "0.0.1a21",
        "repo": "events-artifact",
        "type": "github"
      }
    },
    "pythoneda-shared-artifact-changes-events-infrastructure": {
      "inputs": {
        "flake-utils": [
          "flake-utils"
        ],
        "nixos": [
          "nixos"
        ],
        "pythoneda-shared-artifact-changes-events": "pythoneda-shared-artifact-changes-events",
        "pythoneda-shared-artifact-changes-shared": "pythoneda-shared-artifact-changes-shared",
        "pythoneda-shared-code-requests-events": "pythoneda-shared-code-requests-events",
        "pythoneda-shared-code-requests-shared": "pythoneda-shared-code-requests-shared",
        "pythoneda-shared-pythoneda-banner": [
          "pythoneda-shared-pythoneda-banner"
        ],
        "pythoneda-shared-pythoneda-domain": [
          "pythoneda-shared-pythoneda-domain"
        ],
        "pythoneda-shared-pythoneda-infrastructure": [
          "pythoneda-shared-pythoneda-infrastructure"
        ]
      },
      "locked": {
        "dir": "events-infrastructure",
        "lastModified": 1695395202,
        "narHash": "sha256-k3A8jQoDBZ/yfImXdiAFWGI47yTsraGnUBPq5zRUtpw=",
        "owner": "pythoneda-shared-artifact-changes",
        "repo": "events-infrastructure-artifact",
        "rev": "8275330a19ea5335c65ba0ea3aa7a6fcf0e4983c",
        "type": "github"
      },
      "original": {
        "dir": "events-infrastructure",
        "owner": "pythoneda-shared-artifact-changes",
        "ref": "0.0.1a16",
        "repo": "events-infrastructure-artifact",
        "type": "github"
      }
    },
    "pythoneda-shared-artifact-changes-shared": {
      "inputs": {
        "flake-utils": [
          "pythoneda-shared-artifact-changes-events-infrastructure",
          "flake-utils"
        ],
        "nixos": [
          "pythoneda-shared-artifact-changes-events-infrastructure",
          "nixos"
        ],
        "pythoneda-shared-pythoneda-banner": [
          "pythoneda-shared-artifact-changes-events-infrastructure",
          "pythoneda-shared-pythoneda-banner"
        ],
        "pythoneda-shared-pythoneda-domain": [
          "pythoneda-shared-artifact-changes-events-infrastructure",
          "pythoneda-shared-pythoneda-domain"
        ]
      },
      "locked": {
        "dir": "shared",
        "lastModified": 1695370381,
        "narHash": "sha256-x5+GiVl3ziFJjM5pqteIDcYEFQuwGEbAK+3Ys+WfDpA=",
        "owner": "pythoneda-shared-artifact-changes",
        "repo": "shared-artifact",
        "rev": "f04bffd8b4078daeb098c4fbbb3a32242d93658f",
        "type": "github"
      },
      "original": {
        "dir": "shared",
        "owner": "pythoneda-shared-artifact-changes",
        "ref": "0.0.1a15",
        "repo": "shared-artifact",
        "type": "github"
      }
    },
    "pythoneda-shared-artifact-changes-shared_2": {
      "inputs": {
        "flake-utils": [
          "pythoneda-shared-code-requests-events-infrastructure",
          "flake-utils"
        ],
        "nixos": [
          "pythoneda-shared-code-requests-events-infrastructure",
          "nixos"
        ],
        "pythoneda-shared-pythoneda-banner": [
          "pythoneda-shared-code-requests-events-infrastructure",
          "pythoneda-shared-pythoneda-banner"
        ],
        "pythoneda-shared-pythoneda-domain": [
          "pythoneda-shared-code-requests-events-infrastructure",
          "pythoneda-shared-pythoneda-domain"
        ]
      },
      "locked": {
        "dir": "shared",
        "lastModified": 1695370381,
        "narHash": "sha256-x5+GiVl3ziFJjM5pqteIDcYEFQuwGEbAK+3Ys+WfDpA=",
        "owner": "pythoneda-shared-artifact-changes",
        "repo": "shared-artifact",
        "rev": "f04bffd8b4078daeb098c4fbbb3a32242d93658f",
        "type": "github"
      },
      "original": {
        "dir": "shared",
        "owner": "pythoneda-shared-artifact-changes",
        "ref": "0.0.1a15",
        "repo": "shared-artifact",
        "type": "github"
      }
    },
    "pythoneda-shared-code-requests-events": {
      "inputs": {
        "flake-utils": [
          "pythoneda-shared-artifact-changes-events-infrastructure",
          "flake-utils"
        ],
        "nixos": [
          "pythoneda-shared-artifact-changes-events-infrastructure",
          "nixos"
        ],
        "pythoneda-shared-artifact-changes-shared": [
          "pythoneda-shared-artifact-changes-events-infrastructure",
          "pythoneda-shared-artifact-changes-shared"
        ],
        "pythoneda-shared-code-requests-shared": [
          "pythoneda-shared-artifact-changes-events-infrastructure",
          "pythoneda-shared-code-requests-shared"
        ],
        "pythoneda-shared-pythoneda-banner": [
          "pythoneda-shared-artifact-changes-events-infrastructure",
          "pythoneda-shared-pythoneda-banner"
        ],
        "pythoneda-shared-pythoneda-domain": [
          "pythoneda-shared-artifact-changes-events-infrastructure",
          "pythoneda-shared-pythoneda-domain"
        ]
      },
      "locked": {
        "dir": "events",
        "lastModified": 1695394455,
        "narHash": "sha256-OUr/NdN2QUMqQTJMQ7jL5taUFhrqTPilDaQRNeq71mA=",
        "owner": "pythoneda-shared-code-requests",
        "repo": "events-artifact",
        "rev": "8aec3261fc9faa029799de3fd2fbd950f7f27aa7",
        "type": "github"
      },
      "original": {
        "dir": "events",
        "owner": "pythoneda-shared-code-requests",
        "ref": "0.0.1a11",
        "repo": "events-artifact",
        "type": "github"
      }
    },
    "pythoneda-shared-code-requests-events-infrastructure": {
      "inputs": {
        "flake-utils": [
          "flake-utils"
        ],
        "nixos": [
          "nixos"
        ],
        "pythoneda-shared-artifact-changes-shared": "pythoneda-shared-artifact-changes-shared_2",
        "pythoneda-shared-code-requests-events": "pythoneda-shared-code-requests-events_2",
        "pythoneda-shared-code-requests-shared": "pythoneda-shared-code-requests-shared_2",
        "pythoneda-shared-pythoneda-banner": [
          "pythoneda-shared-pythoneda-banner"
        ],
        "pythoneda-shared-pythoneda-domain": [
          "pythoneda-shared-pythoneda-domain"
        ],
        "pythoneda-shared-pythoneda-infrastructure": [
          "pythoneda-shared-pythoneda-infrastructure"
        ]
      },
      "locked": {
        "dir": "events-infrastructure",
        "lastModified": 1695394606,
        "narHash": "sha256-kmOqZnIevZGyX/SL2R38l5P9FSjCSkXr0LqPgCgabPQ=",
        "owner": "pythoneda-shared-code-requests",
        "repo": "events-infrastructure-artifact",
        "rev": "3291bb8d1b052f57d644da2ec42d4410e650898a",
        "type": "github"
      },
      "original": {
        "dir": "events-infrastructure",
        "owner": "pythoneda-shared-code-requests",
        "ref": "0.0.1a7",
        "repo": "events-infrastructure-artifact",
        "type": "github"
      }
    },
    "pythoneda-shared-code-requests-events_2": {
      "inputs": {
        "flake-utils": [
          "pythoneda-shared-code-requests-events-infrastructure",
          "flake-utils"
        ],
        "nixos": [
          "pythoneda-shared-code-requests-events-infrastructure",
          "nixos"
        ],
        "pythoneda-shared-artifact-changes-shared": [
          "pythoneda-shared-code-requests-events-infrastructure",
          "pythoneda-shared-artifact-changes-shared"
        ],
        "pythoneda-shared-code-requests-shared": [
          "pythoneda-shared-code-requests-events-infrastructure",
          "pythoneda-shared-code-requests-shared"
        ],
        "pythoneda-shared-pythoneda-banner": [
          "pythoneda-shared-code-requests-events-infrastructure",
          "pythoneda-shared-pythoneda-banner"
        ],
        "pythoneda-shared-pythoneda-domain": [
          "pythoneda-shared-code-requests-events-infrastructure",
          "pythoneda-shared-pythoneda-domain"
        ]
      },
      "locked": {
        "dir": "events",
        "lastModified": 1695394455,
        "narHash": "sha256-OUr/NdN2QUMqQTJMQ7jL5taUFhrqTPilDaQRNeq71mA=",
        "owner": "pythoneda-shared-code-requests",
        "repo": "events-artifact",
        "rev": "8aec3261fc9faa029799de3fd2fbd950f7f27aa7",
        "type": "github"
      },
      "original": {
        "dir": "events",
        "owner": "pythoneda-shared-code-requests",
        "ref": "0.0.1a11",
        "repo": "events-artifact",
        "type": "github"
      }
    },
    "pythoneda-shared-code-requests-shared": {
      "inputs": {
        "flake-utils": [
          "pythoneda-shared-artifact-changes-events-infrastructure",
          "flake-utils"
        ],
        "nixos": [
          "pythoneda-shared-artifact-changes-events-infrastructure",
          "nixos"
        ],
        "pythoneda-shared-pythoneda-banner": [
          "pythoneda-shared-artifact-changes-events-infrastructure",
          "pythoneda-shared-pythoneda-banner"
        ],
        "pythoneda-shared-pythoneda-domain": [
          "pythoneda-shared-artifact-changes-events-infrastructure",
          "pythoneda-shared-pythoneda-domain"
        ]
      },
      "locked": {
        "dir": "shared",
        "lastModified": 1695394262,
        "narHash": "sha256-jLBiRn0f3EBYouX95QbJKxLfQ7MXrZJuz4brtBOjRcI=",
        "owner": "pythoneda-shared-code-requests",
        "repo": "shared-artifact",
        "rev": "543a16b709a0fa7adc66c20a13c10c1216f213ee",
        "type": "github"
      },
      "original": {
        "dir": "shared",
        "owner": "pythoneda-shared-code-requests",
        "ref": "0.0.1a11",
        "repo": "shared-artifact",
        "type": "github"
      }
    },
    "pythoneda-shared-code-requests-shared_2": {
      "inputs": {
        "flake-utils": [
          "pythoneda-shared-code-requests-events-infrastructure",
          "flake-utils"
        ],
        "nixos": [
          "pythoneda-shared-code-requests-events-infrastructure",
          "nixos"
        ],
        "pythoneda-shared-pythoneda-banner": [
          "pythoneda-shared-code-requests-events-infrastructure",
          "pythoneda-shared-pythoneda-banner"
        ],
        "pythoneda-shared-pythoneda-domain": [
          "pythoneda-shared-code-requests-events-infrastructure",
          "pythoneda-shared-pythoneda-domain"
        ]
      },
      "locked": {
        "dir": "shared",
        "lastModified": 1695394262,
        "narHash": "sha256-jLBiRn0f3EBYouX95QbJKxLfQ7MXrZJuz4brtBOjRcI=",
        "owner": "pythoneda-shared-code-requests",
        "repo": "shared-artifact",
        "rev": "543a16b709a0fa7adc66c20a13c10c1216f213ee",
        "type": "github"
      },
      "original": {
        "dir": "shared",
        "owner": "pythoneda-shared-code-requests",
        "ref": "0.0.1a11",
        "repo": "shared-artifact",
        "type": "github"
      }
    },
    "pythoneda-shared-pythoneda-banner": {
      "inputs": {
        "flake-utils": [
          "flake-utils"
        ],
        "nixos": [
          "nixos"
        ]
      },
      "locked": {
        "lastModified": 1692873465,
        "narHash": "sha256-VtbGIjpwP7CJlpjYm0qzKztpfDQNYQq7u0nEVMJ88QY=",
        "owner": "pythoneda-shared-pythoneda",
        "repo": "banner",
        "rev": "e19cbdc9499627ff7d933435854d5f83579bbd31",
        "type": "github"
      },
      "original": {
        "owner": "pythoneda-shared-pythoneda",
        "ref": "0.0.1a16",
        "repo": "banner",
        "type": "github"
      }
    },
    "pythoneda-shared-pythoneda-domain": {
      "inputs": {
        "flake-utils": [
          "flake-utils"
        ],
        "nixos": [
          "nixos"
        ],
        "pythoneda-shared-pythoneda-banner": [
          "pythoneda-shared-pythoneda-banner"
        ]
      },
      "locked": {
        "dir": "domain",
        "lastModified": 1695369551,
        "narHash": "sha256-63g23XcJsii/m+qK+WrxO28alToR6GRzuVT4sucm2XY=",
        "owner": "pythoneda-shared-pythoneda",
        "repo": "domain-artifact",
        "rev": "0fcf334e41f4a6eb8d8bd9a66b31bc4035856a96",
        "type": "github"
      },
      "original": {
        "dir": "domain",
        "owner": "pythoneda-shared-pythoneda",
        "ref": "0.0.1a43",
        "repo": "domain-artifact",
        "type": "github"
      }
    },
    "pythoneda-shared-pythoneda-infrastructure": {
      "inputs": {
        "flake-utils": [
          "flake-utils"
        ],
        "nixos": [
          "nixos"
        ],
        "pythoneda-shared-pythoneda-banner": [
          "pythoneda-shared-pythoneda-banner"
        ],
        "pythoneda-shared-pythoneda-domain": [
          "pythoneda-shared-pythoneda-domain"
        ]
      },
      "locked": {
        "dir": "infrastructure",
        "lastModified": 1695369717,
        "narHash": "sha256-mj2CSOog7uoAZjS3EsJm7iQ9r65sT5X2Y6/ElotVbuA=",
        "owner": "pythoneda-shared-pythoneda",
        "repo": "infrastructure-artifact",
        "rev": "2529277cdce77afb5701d4f2ce213b46d94c79e9",
        "type": "github"
      },
      "original": {
        "dir": "infrastructure",
        "owner": "pythoneda-shared-pythoneda",
        "ref": "0.0.1a29",
        "repo": "infrastructure-artifact",
        "type": "github"
      }
    },
    "requests": {
      "inputs": {
        "flake-utils": [
          "flake-utils"
        ],
        "nixos": [
          "nixos"
        ]
      },
      "locked": {
        "dir": "requests",
        "lastModified": 1695028774,
        "narHash": "sha256-uo8/J4tUHT8H4LK8a16fyXCTBzYzvkUuR1YrSfssuc8=",
        "owner": "rydnr",
        "repo": "nix-flakes",
        "rev": "a961ecb74e5b21fbfaaea3651b8733bdd1aa4b54",
        "type": "github"
      },
      "original": {
        "dir": "requests",
        "owner": "rydnr",
        "ref": "requests-2.29.0",
        "repo": "nix-flakes",
        "type": "github"
      }
    },
    "root": {
      "inputs": {
        "dbus-next": "dbus-next",
        "flake-utils": "flake-utils",
        "grpcio": "grpcio",
        "nixos": "nixos",
        "pythoneda-shared-artifact-changes-events-infrastructure": "pythoneda-shared-artifact-changes-events-infrastructure",
        "pythoneda-shared-code-requests-events-infrastructure": "pythoneda-shared-code-requests-events-infrastructure",
        "pythoneda-shared-pythoneda-banner": "pythoneda-shared-pythoneda-banner",
        "pythoneda-shared-pythoneda-domain": "pythoneda-shared-pythoneda-domain",
        "pythoneda-shared-pythoneda-infrastructure": "pythoneda-shared-pythoneda-infrastructure",
        "requests": "requests",
        "stringtemplate3": "stringtemplate3"
      }
    },
    "stringtemplate3": {
      "inputs": {
        "flake-utils": [
          "flake-utils"
        ],
        "nixos": [
          "nixos"
        ]
      },
      "locked": {
        "dir": "stringtemplate3",
        "lastModified": 1695028695,
        "narHash": "sha256-nEyAQq8IJ8Cn8Rnf0jOqfhQ9ya6qtbmf5vuhsDN+KKw=",
        "owner": "rydnr",
        "repo": "nix-flakes",
        "rev": "81e0f7168b7d949c1e1f85897645cba7be7f325c",
        "type": "github"
      },
      "original": {
        "dir": "stringtemplate3",
        "owner": "rydnr",
        "ref": "stringtemplate3-3.1",
        "repo": "nix-flakes",
        "type": "github"
      }
    }
  },
  "root": "root",
  "version": 7
}
